// !$*UTF8*$!
{
	archiveVersion = 1;
	classes = {
	};
	objectVersion = 56;
	objects = {

/* Begin PBXBuildFile section */
		656139A72A493B5E0022B871 /* FirebaseFirestore in Frameworks */ = {isa = PBXBuildFile; productRef = 656139A62A493B5E0022B871 /* FirebaseFirestore */; };
		656139A92A493B5E0022B871 /* FirebaseFirestoreSwift in Frameworks */ = {isa = PBXBuildFile; productRef = 656139A82A493B5E0022B871 /* FirebaseFirestoreSwift */; };
		656139AB2A493B5E0022B871 /* FirebaseStorage in Frameworks */ = {isa = PBXBuildFile; productRef = 656139AA2A493B5E0022B871 /* FirebaseStorage */; };
		656139AD2A4953270022B871 /* User.swift in Sources */ = {isa = PBXBuildFile; fileRef = 656139AC2A4953270022B871 /* User.swift */; };
		656139AF2A4967B10022B871 /* LoadingView.swift in Sources */ = {isa = PBXBuildFile; fileRef = 656139AE2A4967B00022B871 /* LoadingView.swift */; };
		656139B12A4969AB0022B871 /* RegisterView.swift in Sources */ = {isa = PBXBuildFile; fileRef = 656139B02A4969AB0022B871 /* RegisterView.swift */; };
		656139B42A496F920022B871 /* Extension+View.swift in Sources */ = {isa = PBXBuildFile; fileRef = 656139B32A496F920022B871 /* Extension+View.swift */; };
		656139BB2A4A8A9B0022B871 /* MainView.swift in Sources */ = {isa = PBXBuildFile; fileRef = 656139BA2A4A8A9B0022B871 /* MainView.swift */; };
		656139BD2A4A8C830022B871 /* ProfileView.swift in Sources */ = {isa = PBXBuildFile; fileRef = 656139BC2A4A8C830022B871 /* ProfileView.swift */; };
		656139BF2A4ACE810022B871 /* ReusableProfileContent.swift in Sources */ = {isa = PBXBuildFile; fileRef = 656139BE2A4ACE810022B871 /* ReusableProfileContent.swift */; };
		6577C9FB2A4C0A6500B107E7 /* SDWebImageSwiftUI in Frameworks */ = {isa = PBXBuildFile; productRef = 6577C9FA2A4C0A6500B107E7 /* SDWebImageSwiftUI */; };
		6577C9FD2A4C182600B107E7 /* CreateNewPost.swift in Sources */ = {isa = PBXBuildFile; fileRef = 6577C9FC2A4C182600B107E7 /* CreateNewPost.swift */; };
		6577C9FF2A4C187C00B107E7 /* Post.swift in Sources */ = {isa = PBXBuildFile; fileRef = 6577C9FE2A4C187C00B107E7 /* Post.swift */; };
		65A1606C2A491CBD00670B20 /* SocialMediaApp.swift in Sources */ = {isa = PBXBuildFile; fileRef = 65A1606B2A491CBD00670B20 /* SocialMediaApp.swift */; };
		65A1606E2A491CBD00670B20 /* ContentView.swift in Sources */ = {isa = PBXBuildFile; fileRef = 65A1606D2A491CBD00670B20 /* ContentView.swift */; };
		65A160702A491CBF00670B20 /* Assets.xcassets in Resources */ = {isa = PBXBuildFile; fileRef = 65A1606F2A491CBF00670B20 /* Assets.xcassets */; };
		65A160732A491CBF00670B20 /* Preview Assets.xcassets in Resources */ = {isa = PBXBuildFile; fileRef = 65A160722A491CBF00670B20 /* Preview Assets.xcassets */; };
		65A1607A2A491E1300670B20 /* GoogleService-Info.plist in Resources */ = {isa = PBXBuildFile; fileRef = 65A160792A491E1300670B20 /* GoogleService-Info.plist */; };
		65A1607D2A491EFB00670B20 /* FirebaseAuth in Frameworks */ = {isa = PBXBuildFile; productRef = 65A1607C2A491EFB00670B20 /* FirebaseAuth */; };
		65A160812A49202E00670B20 /* LoginView.swift in Sources */ = {isa = PBXBuildFile; fileRef = 65A160802A49202E00670B20 /* LoginView.swift */; };
		65A60BAD2A4EBCB400D06861 /* PostsView.swift in Sources */ = {isa = PBXBuildFile; fileRef = 65A60BAC2A4EBCB400D06861 /* PostsView.swift */; };
		65B4B91A2A5559360075E5E2 /* SearchUserView.swift in Sources */ = {isa = PBXBuildFile; fileRef = 65B4B9192A5559360075E5E2 /* SearchUserView.swift */; };
		65EB5D482A528D84001A8A54 /* ReusablePostsView.swift in Sources */ = {isa = PBXBuildFile; fileRef = 65EB5D472A528D84001A8A54 /* ReusablePostsView.swift */; };
		65EB5D4A2A52958B001A8A54 /* PostCardView.swift in Sources */ = {isa = PBXBuildFile; fileRef = 65EB5D492A52958B001A8A54 /* PostCardView.swift */; };
/* End PBXBuildFile section */

/* Begin PBXFileReference section */
		656139AC2A4953270022B871 /* User.swift */ = {isa = PBXFileReference; lastKnownFileType = sourcecode.swift; path = User.swift; sourceTree = "<group>"; };
		656139AE2A4967B00022B871 /* LoadingView.swift */ = {isa = PBXFileReference; lastKnownFileType = sourcecode.swift; path = LoadingView.swift; sourceTree = "<group>"; };
		656139B02A4969AB0022B871 /* RegisterView.swift */ = {isa = PBXFileReference; lastKnownFileType = sourcecode.swift; path = RegisterView.swift; sourceTree = "<group>"; };
		656139B32A496F920022B871 /* Extension+View.swift */ = {isa = PBXFileReference; lastKnownFileType = sourcecode.swift; path = "Extension+View.swift"; sourceTree = "<group>"; };
		656139BA2A4A8A9B0022B871 /* MainView.swift */ = {isa = PBXFileReference; lastKnownFileType = sourcecode.swift; path = MainView.swift; sourceTree = "<group>"; };
		656139BC2A4A8C830022B871 /* ProfileView.swift */ = {isa = PBXFileReference; lastKnownFileType = sourcecode.swift; path = ProfileView.swift; sourceTree = "<group>"; };
		656139BE2A4ACE810022B871 /* ReusableProfileContent.swift */ = {isa = PBXFileReference; lastKnownFileType = sourcecode.swift; path = ReusableProfileContent.swift; sourceTree = "<group>"; };
		6577C9FC2A4C182600B107E7 /* CreateNewPost.swift */ = {isa = PBXFileReference; lastKnownFileType = sourcecode.swift; path = CreateNewPost.swift; sourceTree = "<group>"; };
		6577C9FE2A4C187C00B107E7 /* Post.swift */ = {isa = PBXFileReference; lastKnownFileType = sourcecode.swift; path = Post.swift; sourceTree = "<group>"; };
		65A160682A491CBD00670B20 /* SocialMedia.app */ = {isa = PBXFileReference; explicitFileType = wrapper.application; includeInIndex = 0; path = SocialMedia.app; sourceTree = BUILT_PRODUCTS_DIR; };
		65A1606B2A491CBD00670B20 /* SocialMediaApp.swift */ = {isa = PBXFileReference; lastKnownFileType = sourcecode.swift; path = SocialMediaApp.swift; sourceTree = "<group>"; };
		65A1606D2A491CBD00670B20 /* ContentView.swift */ = {isa = PBXFileReference; lastKnownFileType = sourcecode.swift; path = ContentView.swift; sourceTree = "<group>"; };
		65A1606F2A491CBF00670B20 /* Assets.xcassets */ = {isa = PBXFileReference; lastKnownFileType = folder.assetcatalog; path = Assets.xcassets; sourceTree = "<group>"; };
		65A160722A491CBF00670B20 /* Preview Assets.xcassets */ = {isa = PBXFileReference; lastKnownFileType = folder.assetcatalog; path = "Preview Assets.xcassets"; sourceTree = "<group>"; };
		65A160792A491E1300670B20 /* GoogleService-Info.plist */ = {isa = PBXFileReference; fileEncoding = 4; lastKnownFileType = text.plist.xml; path = "GoogleService-Info.plist"; sourceTree = "<group>"; };
		65A160802A49202E00670B20 /* LoginView.swift */ = {isa = PBXFileReference; lastKnownFileType = sourcecode.swift; path = LoginView.swift; sourceTree = "<group>"; };
		65A60BAC2A4EBCB400D06861 /* PostsView.swift */ = {isa = PBXFileReference; lastKnownFileType = sourcecode.swift; path = PostsView.swift; sourceTree = "<group>"; };
		65B4B9192A5559360075E5E2 /* SearchUserView.swift */ = {isa = PBXFileReference; lastKnownFileType = sourcecode.swift; path = SearchUserView.swift; sourceTree = "<group>"; };
		65EB5D472A528D84001A8A54 /* ReusablePostsView.swift */ = {isa = PBXFileReference; lastKnownFileType = sourcecode.swift; path = ReusablePostsView.swift; sourceTree = "<group>"; };
		65EB5D492A52958B001A8A54 /* PostCardView.swift */ = {isa = PBXFileReference; lastKnownFileType = sourcecode.swift; path = PostCardView.swift; sourceTree = "<group>"; };
/* End PBXFileReference section */

/* Begin PBXFrameworksBuildPhase section */
		65A160652A491CBD00670B20 /* Frameworks */ = {
			isa = PBXFrameworksBuildPhase;
			buildActionMask = 2147483647;
			files = (
				6577C9FB2A4C0A6500B107E7 /* SDWebImageSwiftUI in Frameworks */,
				65A1607D2A491EFB00670B20 /* FirebaseAuth in Frameworks */,
				656139AB2A493B5E0022B871 /* FirebaseStorage in Frameworks */,
				656139A72A493B5E0022B871 /* FirebaseFirestore in Frameworks */,
				656139A92A493B5E0022B871 /* FirebaseFirestoreSwift in Frameworks */,
			);
			runOnlyForDeploymentPostprocessing = 0;
		};
/* End PBXFrameworksBuildPhase section */

/* Begin PBXGroup section */
		656139A52A493B5E0022B871 /* Frameworks */ = {
			isa = PBXGroup;
			children = (
			);
			name = Frameworks;
			sourceTree = "<group>";
		};
		656139B22A496F740022B871 /* Helpers */ = {
			isa = PBXGroup;
			children = (
				656139B32A496F920022B871 /* Extension+View.swift */,
			);
			path = Helpers;
			sourceTree = "<group>";
		};
		656139B72A4A89B30022B871 /* MainView */ = {
			isa = PBXGroup;
			children = (
				65EB5D4C2A5530EB001A8A54 /* ProfileView */,
				65EB5D4B2A55305D001A8A54 /* PostView */,
				6577C9FC2A4C182600B107E7 /* CreateNewPost.swift */,
				656139BA2A4A8A9B0022B871 /* MainView.swift */,
				65B4B9192A5559360075E5E2 /* SearchUserView.swift */,
			);
			path = MainView;
			sourceTree = "<group>";
		};
		656139B92A4A89C50022B871 /* LoginView */ = {
			isa = PBXGroup;
			children = (
				65A160802A49202E00670B20 /* LoginView.swift */,
				656139B02A4969AB0022B871 /* RegisterView.swift */,
			);
			path = LoginView;
			sourceTree = "<group>";
		};
		65A1605F2A491CBD00670B20 = {
			isa = PBXGroup;
			children = (
				65A1606A2A491CBD00670B20 /* SocialMedia */,
				65A160692A491CBD00670B20 /* Products */,
				656139A52A493B5E0022B871 /* Frameworks */,
			);
			sourceTree = "<group>";
		};
		65A160692A491CBD00670B20 /* Products */ = {
			isa = PBXGroup;
			children = (
				65A160682A491CBD00670B20 /* SocialMedia.app */,
			);
			name = Products;
			sourceTree = "<group>";
		};
		65A1606A2A491CBD00670B20 /* SocialMedia */ = {
			isa = PBXGroup;
			children = (
				65A1606B2A491CBD00670B20 /* SocialMediaApp.swift */,
				65A160792A491E1300670B20 /* GoogleService-Info.plist */,
				65A1606F2A491CBF00670B20 /* Assets.xcassets */,
				65A1607F2A49202300670B20 /* Model */,
				65A1607E2A49201700670B20 /* View */,
				65A160712A491CBF00670B20 /* Preview Content */,
			);
			path = SocialMedia;
			sourceTree = "<group>";
		};
		65A160712A491CBF00670B20 /* Preview Content */ = {
			isa = PBXGroup;
			children = (
				65A160722A491CBF00670B20 /* Preview Assets.xcassets */,
			);
			path = "Preview Content";
			sourceTree = "<group>";
		};
		65A1607E2A49201700670B20 /* View */ = {
			isa = PBXGroup;
			children = (
				656139B22A496F740022B871 /* Helpers */,
				656139B72A4A89B30022B871 /* MainView */,
				656139B92A4A89C50022B871 /* LoginView */,
				65A1606D2A491CBD00670B20 /* ContentView.swift */,
				656139AE2A4967B00022B871 /* LoadingView.swift */,
			);
			path = View;
			sourceTree = "<group>";
		};
		65A1607F2A49202300670B20 /* Model */ = {
			isa = PBXGroup;
			children = (
				656139AC2A4953270022B871 /* User.swift */,
				6577C9FE2A4C187C00B107E7 /* Post.swift */,
			);
			path = Model;
			sourceTree = "<group>";
		};
		65EB5D4B2A55305D001A8A54 /* PostView */ = {
			isa = PBXGroup;
			children = (
				65A60BAC2A4EBCB400D06861 /* PostsView.swift */,
				65EB5D492A52958B001A8A54 /* PostCardView.swift */,
				65EB5D472A528D84001A8A54 /* ReusablePostsView.swift */,
			);
			path = PostView;
			sourceTree = "<group>";
		};
		65EB5D4C2A5530EB001A8A54 /* ProfileView */ = {
			isa = PBXGroup;
			children = (
				656139BC2A4A8C830022B871 /* ProfileView.swift */,
				656139BE2A4ACE810022B871 /* ReusableProfileContent.swift */,
			);
			path = ProfileView;
			sourceTree = "<group>";
		};
/* End PBXGroup section */

/* Begin PBXNativeTarget section */
		65A160672A491CBD00670B20 /* SocialMedia */ = {
			isa = PBXNativeTarget;
			buildConfigurationList = 65A160762A491CBF00670B20 /* Build configuration list for PBXNativeTarget "SocialMedia" */;
			buildPhases = (
				65A160642A491CBD00670B20 /* Sources */,
				65A160652A491CBD00670B20 /* Frameworks */,
				65A160662A491CBD00670B20 /* Resources */,
			);
			buildRules = (
			);
			dependencies = (
			);
			name = SocialMedia;
			packageProductDependencies = (
				65A1607C2A491EFB00670B20 /* FirebaseAuth */,
				656139A62A493B5E0022B871 /* FirebaseFirestore */,
				656139A82A493B5E0022B871 /* FirebaseFirestoreSwift */,
				656139AA2A493B5E0022B871 /* FirebaseStorage */,
				6577C9FA2A4C0A6500B107E7 /* SDWebImageSwiftUI */,
			);
			productName = SocialMedia;
			productReference = 65A160682A491CBD00670B20 /* SocialMedia.app */;
			productType = "com.apple.product-type.application";
		};
/* End PBXNativeTarget section */

/* Begin PBXProject section */
		65A160602A491CBD00670B20 /* Project object */ = {
			isa = PBXProject;
			attributes = {
				BuildIndependentTargetsInParallel = 1;
				LastSwiftUpdateCheck = 1430;
				LastUpgradeCheck = 1430;
				TargetAttributes = {
					65A160672A491CBD00670B20 = {
						CreatedOnToolsVersion = 14.3.1;
					};
				};
			};
			buildConfigurationList = 65A160632A491CBD00670B20 /* Build configuration list for PBXProject "SocialMedia" */;
			compatibilityVersion = "Xcode 14.0";
			developmentRegion = en;
			hasScannedForEncodings = 0;
			knownRegions = (
				en,
				Base,
			);
			mainGroup = 65A1605F2A491CBD00670B20;
			packageReferences = (
				65A1607B2A491EFB00670B20 /* XCRemoteSwiftPackageReference "firebase-ios-sdk" */,
				6577C9F92A4C0A6500B107E7 /* XCRemoteSwiftPackageReference "SDWebImageSwiftUI" */,
			);
			productRefGroup = 65A160692A491CBD00670B20 /* Products */;
			projectDirPath = "";
			projectRoot = "";
			targets = (
				65A160672A491CBD00670B20 /* SocialMedia */,
			);
		};
/* End PBXProject section */

/* Begin PBXResourcesBuildPhase section */
		65A160662A491CBD00670B20 /* Resources */ = {
			isa = PBXResourcesBuildPhase;
			buildActionMask = 2147483647;
			files = (
				65A160732A491CBF00670B20 /* Preview Assets.xcassets in Resources */,
				65A1607A2A491E1300670B20 /* GoogleService-Info.plist in Resources */,
				65A160702A491CBF00670B20 /* Assets.xcassets in Resources */,
			);
			runOnlyForDeploymentPostprocessing = 0;
		};
/* End PBXResourcesBuildPhase section */

/* Begin PBXSourcesBuildPhase section */
		65A160642A491CBD00670B20 /* Sources */ = {
			isa = PBXSourcesBuildPhase;
			buildActionMask = 2147483647;
			files = (
				656139AD2A4953270022B871 /* User.swift in Sources */,
				656139BD2A4A8C830022B871 /* ProfileView.swift in Sources */,
				656139BF2A4ACE810022B871 /* ReusableProfileContent.swift in Sources */,
				6577C9FF2A4C187C00B107E7 /* Post.swift in Sources */,
				656139BB2A4A8A9B0022B871 /* MainView.swift in Sources */,
				656139AF2A4967B10022B871 /* LoadingView.swift in Sources */,
				65A160812A49202E00670B20 /* LoginView.swift in Sources */,
				65EB5D482A528D84001A8A54 /* ReusablePostsView.swift in Sources */,
				656139B42A496F920022B871 /* Extension+View.swift in Sources */,
				6577C9FD2A4C182600B107E7 /* CreateNewPost.swift in Sources */,
				65A60BAD2A4EBCB400D06861 /* PostsView.swift in Sources */,
				656139B12A4969AB0022B871 /* RegisterView.swift in Sources */,
				65EB5D4A2A52958B001A8A54 /* PostCardView.swift in Sources */,
				65A1606E2A491CBD00670B20 /* ContentView.swift in Sources */,
				65A1606C2A491CBD00670B20 /* SocialMediaApp.swift in Sources */,
				65B4B91A2A5559360075E5E2 /* SearchUserView.swift in Sources */,
			);
			runOnlyForDeploymentPostprocessing = 0;
		};
/* End PBXSourcesBuildPhase section */

/* Begin XCBuildConfiguration section */
		65A160742A491CBF00670B20 /* Debug */ = {
			isa = XCBuildConfiguration;
			buildSettings = {
				ALWAYS_SEARCH_USER_PATHS = NO;
				CLANG_ANALYZER_NONNULL = YES;
				CLANG_ANALYZER_NUMBER_OBJECT_CONVERSION = YES_AGGRESSIVE;
				CLANG_CXX_LANGUAGE_STANDARD = "gnu++20";
				CLANG_ENABLE_MODULES = YES;
				CLANG_ENABLE_OBJC_ARC = YES;
				CLANG_ENABLE_OBJC_WEAK = YES;
				CLANG_WARN_BLOCK_CAPTURE_AUTORELEASING = YES;
				CLANG_WARN_BOOL_CONVERSION = YES;
				CLANG_WARN_COMMA = YES;
				CLANG_WARN_CONSTANT_CONVERSION = YES;
				CLANG_WARN_DEPRECATED_OBJC_IMPLEMENTATIONS = YES;
				CLANG_WARN_DIRECT_OBJC_ISA_USAGE = YES_ERROR;
				CLANG_WARN_DOCUMENTATION_COMMENTS = YES;
				CLANG_WARN_EMPTY_BODY = YES;
				CLANG_WARN_ENUM_CONVERSION = YES;
				CLANG_WARN_INFINITE_RECURSION = YES;
				CLANG_WARN_INT_CONVERSION = YES;
				CLANG_WARN_NON_LITERAL_NULL_CONVERSION = YES;
				CLANG_WARN_OBJC_IMPLICIT_RETAIN_SELF = YES;
				CLANG_WARN_OBJC_LITERAL_CONVERSION = YES;
				CLANG_WARN_OBJC_ROOT_CLASS = YES_ERROR;
				CLANG_WARN_QUOTED_INCLUDE_IN_FRAMEWORK_HEADER = YES;
				CLANG_WARN_RANGE_LOOP_ANALYSIS = YES;
				CLANG_WARN_STRICT_PROTOTYPES = YES;
				CLANG_WARN_SUSPICIOUS_MOVE = YES;
				CLANG_WARN_UNGUARDED_AVAILABILITY = YES_AGGRESSIVE;
				CLANG_WARN_UNREACHABLE_CODE = YES;
				CLANG_WARN__DUPLICATE_METHOD_MATCH = YES;
				COPY_PHASE_STRIP = NO;
				DEBUG_INFORMATION_FORMAT = dwarf;
				ENABLE_STRICT_OBJC_MSGSEND = YES;
				ENABLE_TESTABILITY = YES;
				GCC_C_LANGUAGE_STANDARD = gnu11;
				GCC_DYNAMIC_NO_PIC = NO;
				GCC_NO_COMMON_BLOCKS = YES;
				GCC_OPTIMIZATION_LEVEL = 0;
				GCC_PREPROCESSOR_DEFINITIONS = (
					"DEBUG=1",
					"$(inherited)",
				);
				GCC_WARN_64_TO_32_BIT_CONVERSION = YES;
				GCC_WARN_ABOUT_RETURN_TYPE = YES_ERROR;
				GCC_WARN_UNDECLARED_SELECTOR = YES;
				GCC_WARN_UNINITIALIZED_AUTOS = YES_AGGRESSIVE;
				GCC_WARN_UNUSED_FUNCTION = YES;
				GCC_WARN_UNUSED_VARIABLE = YES;
				IPHONEOS_DEPLOYMENT_TARGET = 16.4;
				MTL_ENABLE_DEBUG_INFO = INCLUDE_SOURCE;
				MTL_FAST_MATH = YES;
				ONLY_ACTIVE_ARCH = YES;
				SDKROOT = iphoneos;
				SWIFT_ACTIVE_COMPILATION_CONDITIONS = DEBUG;
				SWIFT_OPTIMIZATION_LEVEL = "-Onone";
			};
			name = Debug;
		};
		65A160752A491CBF00670B20 /* Release */ = {
			isa = XCBuildConfiguration;
			buildSettings = {
				ALWAYS_SEARCH_USER_PATHS = NO;
				CLANG_ANALYZER_NONNULL = YES;
				CLANG_ANALYZER_NUMBER_OBJECT_CONVERSION = YES_AGGRESSIVE;
				CLANG_CXX_LANGUAGE_STANDARD = "gnu++20";
				CLANG_ENABLE_MODULES = YES;
				CLANG_ENABLE_OBJC_ARC = YES;
				CLANG_ENABLE_OBJC_WEAK = YES;
				CLANG_WARN_BLOCK_CAPTURE_AUTORELEASING = YES;
				CLANG_WARN_BOOL_CONVERSION = YES;
				CLANG_WARN_COMMA = YES;
				CLANG_WARN_CONSTANT_CONVERSION = YES;
				CLANG_WARN_DEPRECATED_OBJC_IMPLEMENTATIONS = YES;
				CLANG_WARN_DIRECT_OBJC_ISA_USAGE = YES_ERROR;
				CLANG_WARN_DOCUMENTATION_COMMENTS = YES;
				CLANG_WARN_EMPTY_BODY = YES;
				CLANG_WARN_ENUM_CONVERSION = YES;
				CLANG_WARN_INFINITE_RECURSION = YES;
				CLANG_WARN_INT_CONVERSION = YES;
				CLANG_WARN_NON_LITERAL_NULL_CONVERSION = YES;
				CLANG_WARN_OBJC_IMPLICIT_RETAIN_SELF = YES;
				CLANG_WARN_OBJC_LITERAL_CONVERSION = YES;
				CLANG_WARN_OBJC_ROOT_CLASS = YES_ERROR;
				CLANG_WARN_QUOTED_INCLUDE_IN_FRAMEWORK_HEADER = YES;
				CLANG_WARN_RANGE_LOOP_ANALYSIS = YES;
				CLANG_WARN_STRICT_PROTOTYPES = YES;
				CLANG_WARN_SUSPICIOUS_MOVE = YES;
				CLANG_WARN_UNGUARDED_AVAILABILITY = YES_AGGRESSIVE;
				CLANG_WARN_UNREACHABLE_CODE = YES;
				CLANG_WARN__DUPLICATE_METHOD_MATCH = YES;
				COPY_PHASE_STRIP = NO;
				DEBUG_INFORMATION_FORMAT = "dwarf-with-dsym";
				ENABLE_NS_ASSERTIONS = NO;
				ENABLE_STRICT_OBJC_MSGSEND = YES;
				GCC_C_LANGUAGE_STANDARD = gnu11;
				GCC_NO_COMMON_BLOCKS = YES;
				GCC_WARN_64_TO_32_BIT_CONVERSION = YES;
				GCC_WARN_ABOUT_RETURN_TYPE = YES_ERROR;
				GCC_WARN_UNDECLARED_SELECTOR = YES;
				GCC_WARN_UNINITIALIZED_AUTOS = YES_AGGRESSIVE;
				GCC_WARN_UNUSED_FUNCTION = YES;
				GCC_WARN_UNUSED_VARIABLE = YES;
				IPHONEOS_DEPLOYMENT_TARGET = 16.4;
				MTL_ENABLE_DEBUG_INFO = NO;
				MTL_FAST_MATH = YES;
				SDKROOT = iphoneos;
				SWIFT_COMPILATION_MODE = wholemodule;
				SWIFT_OPTIMIZATION_LEVEL = "-O";
				VALIDATE_PRODUCT = YES;
			};
			name = Release;
		};
		65A160772A491CBF00670B20 /* Debug */ = {
			isa = XCBuildConfiguration;
			buildSettings = {
				ASSETCATALOG_COMPILER_APPICON_NAME = AppIcon;
				ASSETCATALOG_COMPILER_GLOBAL_ACCENT_COLOR_NAME = AccentColor;
				CODE_SIGN_STYLE = Automatic;
				CURRENT_PROJECT_VERSION = 1;
				DEVELOPMENT_ASSET_PATHS = "\"SocialMedia/Preview Content\"";
				DEVELOPMENT_TEAM = 267W876FYR;
				ENABLE_PREVIEWS = YES;
				GENERATE_INFOPLIST_FILE = YES;
				INFOPLIST_KEY_UIApplicationSceneManifest_Generation = YES;
				INFOPLIST_KEY_UIApplicationSupportsIndirectInputEvents = YES;
				INFOPLIST_KEY_UILaunchScreen_Generation = YES;
				INFOPLIST_KEY_UISupportedInterfaceOrientations_iPad = "UIInterfaceOrientationPortrait UIInterfaceOrientationPortraitUpsideDown UIInterfaceOrientationLandscapeLeft UIInterfaceOrientationLandscapeRight";
				INFOPLIST_KEY_UISupportedInterfaceOrientations_iPhone = "UIInterfaceOrientationPortrait UIInterfaceOrientationLandscapeLeft UIInterfaceOrientationLandscapeRight";
				IPHONEOS_DEPLOYMENT_TARGET = 16.0;
				LD_RUNPATH_SEARCH_PATHS = (
					"$(inherited)",
					"@executable_path/Frameworks",
				);
				MARKETING_VERSION = 1.0;
				PRODUCT_BUNDLE_IDENTIFIER = com.sunghongmin.SocialMedia;
				PRODUCT_NAME = "$(TARGET_NAME)";
				SWIFT_EMIT_LOC_STRINGS = YES;
				SWIFT_VERSION = 5.0;
				TARGETED_DEVICE_FAMILY = "1,2";
			};
			name = Debug;
		};
		65A160782A491CBF00670B20 /* Release */ = {
			isa = XCBuildConfiguration;
			buildSettings = {
				ASSETCATALOG_COMPILER_APPICON_NAME = AppIcon;
				ASSETCATALOG_COMPILER_GLOBAL_ACCENT_COLOR_NAME = AccentColor;
				CODE_SIGN_STYLE = Automatic;
				CURRENT_PROJECT_VERSION = 1;
				DEVELOPMENT_ASSET_PATHS = "\"SocialMedia/Preview Content\"";
				DEVELOPMENT_TEAM = 267W876FYR;
				ENABLE_PREVIEWS = YES;
				GENERATE_INFOPLIST_FILE = YES;
				INFOPLIST_KEY_UIApplicationSceneManifest_Generation = YES;
				INFOPLIST_KEY_UIApplicationSupportsIndirectInputEvents = YES;
				INFOPLIST_KEY_UILaunchScreen_Generation = YES;
				INFOPLIST_KEY_UISupportedInterfaceOrientations_iPad = "UIInterfaceOrientationPortrait UIInterfaceOrientationPortraitUpsideDown UIInterfaceOrientationLandscapeLeft UIInterfaceOrientationLandscapeRight";
				INFOPLIST_KEY_UISupportedInterfaceOrientations_iPhone = "UIInterfaceOrientationPortrait UIInterfaceOrientationLandscapeLeft UIInterfaceOrientationLandscapeRight";
				IPHONEOS_DEPLOYMENT_TARGET = 16.0;
				LD_RUNPATH_SEARCH_PATHS = (
					"$(inherited)",
					"@executable_path/Frameworks",
				);
				MARKETING_VERSION = 1.0;
				PRODUCT_BUNDLE_IDENTIFIER = com.sunghongmin.SocialMedia;
				PRODUCT_NAME = "$(TARGET_NAME)";
				SWIFT_EMIT_LOC_STRINGS = YES;
				SWIFT_VERSION = 5.0;
				TARGETED_DEVICE_FAMILY = "1,2";
			};
			name = Release;
		};
/* End XCBuildConfiguration section */

/* Begin XCConfigurationList section */
		65A160632A491CBD00670B20 /* Build configuration list for PBXProject "SocialMedia" */ = {
			isa = XCConfigurationList;
			buildConfigurations = (
				65A160742A491CBF00670B20 /* Debug */,
				65A160752A491CBF00670B20 /* Release */,
			);
			defaultConfigurationIsVisible = 0;
			defaultConfigurationName = Release;
		};
		65A160762A491CBF00670B20 /* Build configuration list for PBXNativeTarget "SocialMedia" */ = {
			isa = XCConfigurationList;
			buildConfigurations = (
				65A160772A491CBF00670B20 /* Debug */,
				65A160782A491CBF00670B20 /* Release */,
			);
			defaultConfigurationIsVisible = 0;
			defaultConfigurationName = Release;
		};
/* End XCConfigurationList section */

/* Begin XCRemoteSwiftPackageReference section */
		6577C9F92A4C0A6500B107E7 /* XCRemoteSwiftPackageReference "SDWebImageSwiftUI" */ = {
			isa = XCRemoteSwiftPackageReference;
			repositoryURL = "https://github.com/SDWebImage/SDWebImageSwiftUI";
			requirement = {
				kind = upToNextMajorVersion;
				minimumVersion = 2.0.0;
			};
		};
		65A1607B2A491EFB00670B20 /* XCRemoteSwiftPackageReference "firebase-ios-sdk" */ = {
			isa = XCRemoteSwiftPackageReference;
			repositoryURL = "https://github.com/firebase/firebase-ios-sdk.git";
			requirement = {
				branch = master;
				kind = branch;
			};
		};
/* End XCRemoteSwiftPackageReference section */

/* Begin XCSwiftPackageProductDependency section */
		656139A62A493B5E0022B871 /* FirebaseFirestore */ = {
			isa = XCSwiftPackageProductDependency;
			package = 65A1607B2A491EFB00670B20 /* XCRemoteSwiftPackageReference "firebase-ios-sdk" */;
			productName = FirebaseFirestore;
		};
		656139A82A493B5E0022B871 /* FirebaseFirestoreSwift */ = {
			isa = XCSwiftPackageProductDependency;
			package = 65A1607B2A491EFB00670B20 /* XCRemoteSwiftPackageReference "firebase-ios-sdk" */;
			productName = FirebaseFirestoreSwift;
		};
		656139AA2A493B5E0022B871 /* FirebaseStorage */ = {
			isa = XCSwiftPackageProductDependency;
			package = 65A1607B2A491EFB00670B20 /* XCRemoteSwiftPackageReference "firebase-ios-sdk" */;
			productName = FirebaseStorage;
		};
		6577C9FA2A4C0A6500B107E7 /* SDWebImageSwiftUI */ = {
			isa = XCSwiftPackageProductDependency;
			package = 6577C9F92A4C0A6500B107E7 /* XCRemoteSwiftPackageReference "SDWebImageSwiftUI" */;
			productName = SDWebImageSwiftUI;
		};
		65A1607C2A491EFB00670B20 /* FirebaseAuth */ = {
			isa = XCSwiftPackageProductDependency;
			package = 65A1607B2A491EFB00670B20 /* XCRemoteSwiftPackageReference "firebase-ios-sdk" */;
			productName = FirebaseAuth;
		};
/* End XCSwiftPackageProductDependency section */
	};
	rootObject = 65A160602A491CBD00670B20 /* Project object */;
}
